
Microsoft Visual Studio Solution File, Format Version 12.00
# Visual Studio Version 17
VisualStudioVersion = 17.0.31903.59
MinimumVisualStudioVersion = 10.0.40219.1
Project("{2150E333-8FDC-42A3-9474-1A3956D46DE8}") = "local", "local", "{5C81FF95-BE53-4753-A81E-FC4BE34A4DE7}"
EndProject
Project("{FAE04EC0-301F-11D3-BF4B-00C04F79EFBC}") = "Playground", "local\Playground\Playground.csproj", "{29EDB329-E9EB-448B-B757-6B49B0AAD6A2}"
EndProject
Project("{2150E333-8FDC-42A3-9474-1A3956D46DE8}") = "misc", "misc", "{C841F5C2-8F30-5BE9-ECA6-260644CF6F9F}"
	ProjectSection(SolutionItems) = preProject
		..\.gitattributes = ..\.gitattributes
		..\.gitignore = ..\.gitignore
		..\playground_fix.sh = ..\playground_fix.sh
		..\readme.md = ..\readme.md
	EndProjectSection
EndProject
Project("{FAE04EC0-301F-11D3-BF4B-00C04F79EFBC}") = "Documentation.Abstractions", "Documentation.Abstractions\Documentation.Abstractions.csproj", "{41297259-B2B1-436C-B080-21F8EDEBF5C2}"
EndProject
Project("{FAE04EC0-301F-11D3-BF4B-00C04F79EFBC}") = "Documentation", "Documentation\Documentation.csproj", "{B2F370D8-FCB3-4B54-86D6-8B3495C258A6}"
EndProject
Project("{FAE04EC0-301F-11D3-BF4B-00C04F79EFBC}") = "Documentation.Tests", "Documentation.Tests\Documentation.Tests.csproj", "{A6B16463-4591-4254-A4D5-B41007025189}"
EndProject
Global
	GlobalSection(SolutionConfigurationPlatforms) = preSolution
		Debug|Any CPU = Debug|Any CPU
		Release|Any CPU = Release|Any CPU
	EndGlobalSection
	GlobalSection(ProjectConfigurationPlatforms) = postSolution
		{29EDB329-E9EB-448B-B757-6B49B0AAD6A2}.Debug|Any CPU.ActiveCfg = Debug|Any CPU
		{29EDB329-E9EB-448B-B757-6B49B0AAD6A2}.Debug|Any CPU.Build.0 = Debug|Any CPU
		{29EDB329-E9EB-448B-B757-6B49B0AAD6A2}.Release|Any CPU.ActiveCfg = Release|Any CPU
		{29EDB329-E9EB-448B-B757-6B49B0AAD6A2}.Release|Any CPU.Build.0 = Release|Any CPU
		{41297259-B2B1-436C-B080-21F8EDEBF5C2}.Debug|Any CPU.ActiveCfg = Debug|Any CPU
		{41297259-B2B1-436C-B080-21F8EDEBF5C2}.Debug|Any CPU.Build.0 = Debug|Any CPU
		{41297259-B2B1-436C-B080-21F8EDEBF5C2}.Release|Any CPU.ActiveCfg = Release|Any CPU
		{41297259-B2B1-436C-B080-21F8EDEBF5C2}.Release|Any CPU.Build.0 = Release|Any CPU
		{B2F370D8-FCB3-4B54-86D6-8B3495C258A6}.Debug|Any CPU.ActiveCfg = Debug|Any CPU
		{B2F370D8-FCB3-4B54-86D6-8B3495C258A6}.Debug|Any CPU.Build.0 = Debug|Any CPU
		{B2F370D8-FCB3-4B54-86D6-8B3495C258A6}.Release|Any CPU.ActiveCfg = Release|Any CPU
		{B2F370D8-FCB3-4B54-86D6-8B3495C258A6}.Release|Any CPU.Build.0 = Release|Any CPU
		{A6B16463-4591-4254-A4D5-B41007025189}.Debug|Any CPU.ActiveCfg = Debug|Any CPU
		{A6B16463-4591-4254-A4D5-B41007025189}.Debug|Any CPU.Build.0 = Debug|Any CPU
		{A6B16463-4591-4254-A4D5-B41007025189}.Release|Any CPU.ActiveCfg = Release|Any CPU
		{A6B16463-4591-4254-A4D5-B41007025189}.Release|Any CPU.Build.0 = Release|Any CPU
	EndGlobalSection
	GlobalSection(SolutionProperties) = preSolution
		HideSolutionNode = FALSE
	EndGlobalSection
	GlobalSection(NestedProjects) = preSolution
		{29EDB329-E9EB-448B-B757-6B49B0AAD6A2} = {5C81FF95-BE53-4753-A81E-FC4BE34A4DE7}
	EndGlobalSection
EndGlobal
